// !$*UTF8*$!
{
	archiveVersion = 1;
	classes = {
	};
	objectVersion = 51;
	objects = {

/* Begin PBXBuildFile section */
		34AD12C414FE01D34B7C27EF /* Pods_love_of_midterm.framework in Frameworks */ = {isa = PBXBuildFile; fileRef = DAC85BE4CC903DD575CDB444 /* Pods_love_of_midterm.framework */; };
		700EC93524284BFA008BBC73 /* RequestService.swift in Sources */ = {isa = PBXBuildFile; fileRef = 700EC93424284BFA008BBC73 /* RequestService.swift */; };
		700EC93724284F77008BBC73 /* Request.swift in Sources */ = {isa = PBXBuildFile; fileRef = 700EC93624284F77008BBC73 /* Request.swift */; };
		700EC939242850E0008BBC73 /* NotificationController.swift in Sources */ = {isa = PBXBuildFile; fileRef = 700EC938242850E0008BBC73 /* NotificationController.swift */; };
		70109D132428DCD80020C144 /* RequestCell.swift in Sources */ = {isa = PBXBuildFile; fileRef = 70109D122428DCD80020C144 /* RequestCell.swift */; };
		70109D152428E77F0020C144 /* ChoiceController.swift in Sources */ = {isa = PBXBuildFile; fileRef = 70109D142428E77F0020C144 /* ChoiceController.swift */; };
		7013F3C02431DE3300240655 /* EstimatedFrame.swift in Sources */ = {isa = PBXBuildFile; fileRef = 7013F3BF2431DE3300240655 /* EstimatedFrame.swift */; };
		701930B1241FCD04005EDD4E /* AddressService.swift in Sources */ = {isa = PBXBuildFile; fileRef = 701930B0241FCD04005EDD4E /* AddressService.swift */; };
		70202E90242AEFB3009A6E9A /* ChatController.swift in Sources */ = {isa = PBXBuildFile; fileRef = 70202E8F242AEFB3009A6E9A /* ChatController.swift */; };
		70202E92242AF052009A6E9A /* ChatService.swift in Sources */ = {isa = PBXBuildFile; fileRef = 70202E91242AF052009A6E9A /* ChatService.swift */; };
		70202E94242AF174009A6E9A /* Chat.swift in Sources */ = {isa = PBXBuildFile; fileRef = 70202E93242AF174009A6E9A /* Chat.swift */; };
		70202E96242AFEA7009A6E9A /* ChatCell.swift in Sources */ = {isa = PBXBuildFile; fileRef = 70202E95242AFEA7009A6E9A /* ChatCell.swift */; };
		7024666B242DE9C400A9F641 /* MyMessageCell.swift in Sources */ = {isa = PBXBuildFile; fileRef = 7024666A242DE9C400A9F641 /* MyMessageCell.swift */; };
		7024666D242DEA2100A9F641 /* OthersMessageCell.swift in Sources */ = {isa = PBXBuildFile; fileRef = 7024666C242DEA2100A9F641 /* OthersMessageCell.swift */; };
		702B12722434E2E1008CE5B3 /* LogoSample.swift in Sources */ = {isa = PBXBuildFile; fileRef = 702B12712434E2E1008CE5B3 /* LogoSample.swift */; };
		703851DB24252E11005ABE28 /* TestController.swift in Sources */ = {isa = PBXBuildFile; fileRef = 703851DA24252E11005ABE28 /* TestController.swift */; };
		70510208241E980B00C2ADFF /* AddressCell.swift in Sources */ = {isa = PBXBuildFile; fileRef = 70510207241E980B00C2ADFF /* AddressCell.swift */; };
		7051020B241EA34800C2ADFF /* Secrets.swift in Sources */ = {isa = PBXBuildFile; fileRef = 7051020A241EA34800C2ADFF /* Secrets.swift */; };
		705395562429872D00126726 /* DenyRequestCell.swift in Sources */ = {isa = PBXBuildFile; fileRef = 705395552429872D00126726 /* DenyRequestCell.swift */; };
		706B59B7241E600B00117106 /* Address.swift in Sources */ = {isa = PBXBuildFile; fileRef = 706B59B6241E600B00117106 /* Address.swift */; };
		70733FD12424083C006A545F /* UserCell.swift in Sources */ = {isa = PBXBuildFile; fileRef = 70733FD02424083C006A545F /* UserCell.swift */; };
		70790FCA2428245900B08D40 /* ResultController.swift in Sources */ = {isa = PBXBuildFile; fileRef = 70790FC92428245900B08D40 /* ResultController.swift */; };
		70790FCC2428283300B08D40 /* ResultControllerTypeTwo.swift in Sources */ = {isa = PBXBuildFile; fileRef = 70790FCB2428283300B08D40 /* ResultControllerTypeTwo.swift */; };
		70790FCE24282CA600B08D40 /* TryService.swift in Sources */ = {isa = PBXBuildFile; fileRef = 70790FCD24282CA600B08D40 /* TryService.swift */; };
		70790FD024282EEB00B08D40 /* Try.swift in Sources */ = {isa = PBXBuildFile; fileRef = 70790FCF24282EEB00B08D40 /* Try.swift */; };
		7086B81C241BE7BD00E81084 /* RootViewController.swift in Sources */ = {isa = PBXBuildFile; fileRef = 7086B81B241BE7BD00E81084 /* RootViewController.swift */; };
		7086B81F241BED2400E81084 /* User.swift in Sources */ = {isa = PBXBuildFile; fileRef = 7086B81E241BED2400E81084 /* User.swift */; };
		7086B82E241C290000E81084 /* BackgroundImageService.swift in Sources */ = {isa = PBXBuildFile; fileRef = 7086B82D241C290000E81084 /* BackgroundImageService.swift */; };
		7086B830241C33A100E81084 /* BackgroundImage.swift in Sources */ = {isa = PBXBuildFile; fileRef = 7086B82F241C33A100E81084 /* BackgroundImage.swift */; };
		709F9FE52424F8B200F46C12 /* UserBackgroundImageCell.swift in Sources */ = {isa = PBXBuildFile; fileRef = 709F9FE42424F8B200F46C12 /* UserBackgroundImageCell.swift */; };
		709F9FFB2424FFE500F46C12 /* OneUserBackgroundImageController.swift in Sources */ = {isa = PBXBuildFile; fileRef = 709F9FEC2424FFE100F46C12 /* OneUserBackgroundImageController.swift */; };
		709F9FFC2424FFE500F46C12 /* ProfileControllerTypeTwo.swift in Sources */ = {isa = PBXBuildFile; fileRef = 709F9FED2424FFE100F46C12 /* ProfileControllerTypeTwo.swift */; };
		709F9FFD2424FFE500F46C12 /* ImagePickerController.swift in Sources */ = {isa = PBXBuildFile; fileRef = 709F9FEE2424FFE100F46C12 /* ImagePickerController.swift */; };
		709F9FFE2424FFE500F46C12 /* PostBioController.swift in Sources */ = {isa = PBXBuildFile; fileRef = 709F9FEF2424FFE100F46C12 /* PostBioController.swift */; };
		709F9FFF2424FFE500F46C12 /* BackgroundViewController.swift in Sources */ = {isa = PBXBuildFile; fileRef = 709F9FF02424FFE200F46C12 /* BackgroundViewController.swift */; };
		709FA0002424FFE500F46C12 /* SearchAddressController.swift in Sources */ = {isa = PBXBuildFile; fileRef = 709F9FF12424FFE200F46C12 /* SearchAddressController.swift */; };
		709FA0012424FFE500F46C12 /* MessageController.swift in Sources */ = {isa = PBXBuildFile; fileRef = 709F9FF22424FFE300F46C12 /* MessageController.swift */; };
		709FA0022424FFE500F46C12 /* SearchController.swift in Sources */ = {isa = PBXBuildFile; fileRef = 709F9FF32424FFE300F46C12 /* SearchController.swift */; };
		709FA0032424FFE500F46C12 /* MoreUserImageController.swift in Sources */ = {isa = PBXBuildFile; fileRef = 709F9FF42424FFE300F46C12 /* MoreUserImageController.swift */; };
		709FA0042424FFE500F46C12 /* ProfileController.swift in Sources */ = {isa = PBXBuildFile; fileRef = 709F9FF52424FFE300F46C12 /* ProfileController.swift */; };
		709FA0052424FFE500F46C12 /* MainTabBarController.swift in Sources */ = {isa = PBXBuildFile; fileRef = 709F9FF62424FFE400F46C12 /* MainTabBarController.swift */; };
		709FA0062424FFE500F46C12 /* SignUpController.swift in Sources */ = {isa = PBXBuildFile; fileRef = 709F9FF72424FFE400F46C12 /* SignUpController.swift */; };
		709FA0072424FFE500F46C12 /* LoginController.swift in Sources */ = {isa = PBXBuildFile; fileRef = 709F9FF82424FFE400F46C12 /* LoginController.swift */; };
		709FA0082424FFE500F46C12 /* SideMenuViewController.swift in Sources */ = {isa = PBXBuildFile; fileRef = 709F9FF92424FFE400F46C12 /* SideMenuViewController.swift */; };
		709FA0092424FFE500F46C12 /* PostTestController.swift in Sources */ = {isa = PBXBuildFile; fileRef = 709F9FFA2424FFE500F46C12 /* PostTestController.swift */; };
		70D1B349242C6184001EFD64 /* IMessageInputBar.swift in Sources */ = {isa = PBXBuildFile; fileRef = 70D1B348242C6184001EFD64 /* IMessageInputBar.swift */; };
		70D1B34D242C6CD3001EFD64 /* MessageService.swift in Sources */ = {isa = PBXBuildFile; fileRef = 70D1B34C242C6CD3001EFD64 /* MessageService.swift */; };
		70D1B34F242C6F0C001EFD64 /* Message.swift in Sources */ = {isa = PBXBuildFile; fileRef = 70D1B34E242C6F0C001EFD64 /* Message.swift */; };
		70D6D628241B3A8A0092BD99 /* AppDelegate.swift in Sources */ = {isa = PBXBuildFile; fileRef = 70D6D627241B3A8A0092BD99 /* AppDelegate.swift */; };
		70D6D62A241B3A8A0092BD99 /* SceneDelegate.swift in Sources */ = {isa = PBXBuildFile; fileRef = 70D6D629241B3A8A0092BD99 /* SceneDelegate.swift */; };
		70D6D62C241B3A8A0092BD99 /* ViewController.swift in Sources */ = {isa = PBXBuildFile; fileRef = 70D6D62B241B3A8A0092BD99 /* ViewController.swift */; };
		70D6D62F241B3A8A0092BD99 /* Main.storyboard in Resources */ = {isa = PBXBuildFile; fileRef = 70D6D62D241B3A8A0092BD99 /* Main.storyboard */; };
		70D6D631241B3A8E0092BD99 /* Assets.xcassets in Resources */ = {isa = PBXBuildFile; fileRef = 70D6D630241B3A8E0092BD99 /* Assets.xcassets */; };
		70D6D634241B3A8E0092BD99 /* LaunchScreen.storyboard in Resources */ = {isa = PBXBuildFile; fileRef = 70D6D632241B3A8E0092BD99 /* LaunchScreen.storyboard */; };
		70D6D64A241B440C0092BD99 /* extensions.swift in Sources */ = {isa = PBXBuildFile; fileRef = 70D6D649241B440C0092BD99 /* extensions.swift */; };
		70D6D64D241B47060092BD99 /* BMJUA_otf.otf in Resources */ = {isa = PBXBuildFile; fileRef = 70D6D64C241B47060092BD99 /* BMJUA_otf.otf */; };
		70DB0B5E24221DDC004AF0C5 /* Test.swift in Sources */ = {isa = PBXBuildFile; fileRef = 70DB0B5D24221DDC004AF0C5 /* Test.swift */; };
		70DB0B6024221F57004AF0C5 /* TestService.swift in Sources */ = {isa = PBXBuildFile; fileRef = 70DB0B5F24221F57004AF0C5 /* TestService.swift */; };
		70E51DA9241BAA6F00631E25 /* UserService.swift in Sources */ = {isa = PBXBuildFile; fileRef = 70E51DA8241BAA6F00631E25 /* UserService.swift */; };
		70E51DAB241BAB1A00631E25 /* GoogleService-Info.plist in Resources */ = {isa = PBXBuildFile; fileRef = 70E51DAA241BAB1900631E25 /* GoogleService-Info.plist */; };
		70E51DAE241BAFF700631E25 /* Errors.swift in Sources */ = {isa = PBXBuildFile; fileRef = 70E51DAD241BAFF700631E25 /* Errors.swift */; };
/* End PBXBuildFile section */

/* Begin PBXFileReference section */
		700EC93424284BFA008BBC73 /* RequestService.swift */ = {isa = PBXFileReference; lastKnownFileType = sourcecode.swift; path = RequestService.swift; sourceTree = "<group>"; };
		700EC93624284F77008BBC73 /* Request.swift */ = {isa = PBXFileReference; lastKnownFileType = sourcecode.swift; path = Request.swift; sourceTree = "<group>"; };
		700EC938242850E0008BBC73 /* NotificationController.swift */ = {isa = PBXFileReference; lastKnownFileType = sourcecode.swift; path = NotificationController.swift; sourceTree = "<group>"; };
		70109D122428DCD80020C144 /* RequestCell.swift */ = {isa = PBXFileReference; lastKnownFileType = sourcecode.swift; path = RequestCell.swift; sourceTree = "<group>"; };
		70109D142428E77F0020C144 /* ChoiceController.swift */ = {isa = PBXFileReference; lastKnownFileType = sourcecode.swift; path = ChoiceController.swift; sourceTree = "<group>"; };
		7013F3BF2431DE3300240655 /* EstimatedFrame.swift */ = {isa = PBXFileReference; lastKnownFileType = sourcecode.swift; path = EstimatedFrame.swift; sourceTree = "<group>"; };
		701930B0241FCD04005EDD4E /* AddressService.swift */ = {isa = PBXFileReference; lastKnownFileType = sourcecode.swift; path = AddressService.swift; sourceTree = "<group>"; };
		70202E8F242AEFB3009A6E9A /* ChatController.swift */ = {isa = PBXFileReference; lastKnownFileType = sourcecode.swift; path = ChatController.swift; sourceTree = "<group>"; };
		70202E91242AF052009A6E9A /* ChatService.swift */ = {isa = PBXFileReference; lastKnownFileType = sourcecode.swift; path = ChatService.swift; sourceTree = "<group>"; };
		70202E93242AF174009A6E9A /* Chat.swift */ = {isa = PBXFileReference; lastKnownFileType = sourcecode.swift; path = Chat.swift; sourceTree = "<group>"; };
		70202E95242AFEA7009A6E9A /* ChatCell.swift */ = {isa = PBXFileReference; lastKnownFileType = sourcecode.swift; path = ChatCell.swift; sourceTree = "<group>"; };
		7024666A242DE9C400A9F641 /* MyMessageCell.swift */ = {isa = PBXFileReference; lastKnownFileType = sourcecode.swift; path = MyMessageCell.swift; sourceTree = "<group>"; };
		7024666C242DEA2100A9F641 /* OthersMessageCell.swift */ = {isa = PBXFileReference; lastKnownFileType = sourcecode.swift; path = OthersMessageCell.swift; sourceTree = "<group>"; };
		702B12712434E2E1008CE5B3 /* LogoSample.swift */ = {isa = PBXFileReference; lastKnownFileType = sourcecode.swift; path = LogoSample.swift; sourceTree = "<group>"; };
		703851DA24252E11005ABE28 /* TestController.swift */ = {isa = PBXFileReference; lastKnownFileType = sourcecode.swift; path = TestController.swift; sourceTree = "<group>"; };
		70510207241E980B00C2ADFF /* AddressCell.swift */ = {isa = PBXFileReference; lastKnownFileType = sourcecode.swift; path = AddressCell.swift; sourceTree = "<group>"; };
		7051020A241EA34800C2ADFF /* Secrets.swift */ = {isa = PBXFileReference; lastKnownFileType = sourcecode.swift; path = Secrets.swift; sourceTree = "<group>"; };
		705395552429872D00126726 /* DenyRequestCell.swift */ = {isa = PBXFileReference; lastKnownFileType = sourcecode.swift; path = DenyRequestCell.swift; sourceTree = "<group>"; };
		706B59B6241E600B00117106 /* Address.swift */ = {isa = PBXFileReference; lastKnownFileType = sourcecode.swift; path = Address.swift; sourceTree = "<group>"; };
		70733FD02424083C006A545F /* UserCell.swift */ = {isa = PBXFileReference; lastKnownFileType = sourcecode.swift; path = UserCell.swift; sourceTree = "<group>"; };
		70790FC92428245900B08D40 /* ResultController.swift */ = {isa = PBXFileReference; lastKnownFileType = sourcecode.swift; path = ResultController.swift; sourceTree = "<group>"; };
		70790FCB2428283300B08D40 /* ResultControllerTypeTwo.swift */ = {isa = PBXFileReference; lastKnownFileType = sourcecode.swift; path = ResultControllerTypeTwo.swift; sourceTree = "<group>"; };
		70790FCD24282CA600B08D40 /* TryService.swift */ = {isa = PBXFileReference; lastKnownFileType = sourcecode.swift; path = TryService.swift; sourceTree = "<group>"; };
		70790FCF24282EEB00B08D40 /* Try.swift */ = {isa = PBXFileReference; lastKnownFileType = sourcecode.swift; path = Try.swift; sourceTree = "<group>"; };
		7086B81B241BE7BD00E81084 /* RootViewController.swift */ = {isa = PBXFileReference; lastKnownFileType = sourcecode.swift; path = RootViewController.swift; sourceTree = "<group>"; };
		7086B81E241BED2400E81084 /* User.swift */ = {isa = PBXFileReference; lastKnownFileType = sourcecode.swift; path = User.swift; sourceTree = "<group>"; };
		7086B82D241C290000E81084 /* BackgroundImageService.swift */ = {isa = PBXFileReference; lastKnownFileType = sourcecode.swift; path = BackgroundImageService.swift; sourceTree = "<group>"; };
		7086B82F241C33A100E81084 /* BackgroundImage.swift */ = {isa = PBXFileReference; lastKnownFileType = sourcecode.swift; path = BackgroundImage.swift; sourceTree = "<group>"; };
		709F9FE42424F8B200F46C12 /* UserBackgroundImageCell.swift */ = {isa = PBXFileReference; lastKnownFileType = sourcecode.swift; path = UserBackgroundImageCell.swift; sourceTree = "<group>"; };
		709F9FEC2424FFE100F46C12 /* OneUserBackgroundImageController.swift */ = {isa = PBXFileReference; fileEncoding = 4; lastKnownFileType = sourcecode.swift; path = OneUserBackgroundImageController.swift; sourceTree = "<group>"; };
		709F9FED2424FFE100F46C12 /* ProfileControllerTypeTwo.swift */ = {isa = PBXFileReference; fileEncoding = 4; lastKnownFileType = sourcecode.swift; path = ProfileControllerTypeTwo.swift; sourceTree = "<group>"; };
		709F9FEE2424FFE100F46C12 /* ImagePickerController.swift */ = {isa = PBXFileReference; fileEncoding = 4; lastKnownFileType = sourcecode.swift; path = ImagePickerController.swift; sourceTree = "<group>"; };
		709F9FEF2424FFE100F46C12 /* PostBioController.swift */ = {isa = PBXFileReference; fileEncoding = 4; lastKnownFileType = sourcecode.swift; path = PostBioController.swift; sourceTree = "<group>"; };
		709F9FF02424FFE200F46C12 /* BackgroundViewController.swift */ = {isa = PBXFileReference; fileEncoding = 4; lastKnownFileType = sourcecode.swift; path = BackgroundViewController.swift; sourceTree = "<group>"; };
		709F9FF12424FFE200F46C12 /* SearchAddressController.swift */ = {isa = PBXFileReference; fileEncoding = 4; lastKnownFileType = sourcecode.swift; path = SearchAddressController.swift; sourceTree = "<group>"; };
		709F9FF22424FFE300F46C12 /* MessageController.swift */ = {isa = PBXFileReference; fileEncoding = 4; lastKnownFileType = sourcecode.swift; path = MessageController.swift; sourceTree = "<group>"; };
		709F9FF32424FFE300F46C12 /* SearchController.swift */ = {isa = PBXFileReference; fileEncoding = 4; lastKnownFileType = sourcecode.swift; path = SearchController.swift; sourceTree = "<group>"; };
		709F9FF42424FFE300F46C12 /* MoreUserImageController.swift */ = {isa = PBXFileReference; fileEncoding = 4; lastKnownFileType = sourcecode.swift; path = MoreUserImageController.swift; sourceTree = "<group>"; };
		709F9FF52424FFE300F46C12 /* ProfileController.swift */ = {isa = PBXFileReference; fileEncoding = 4; lastKnownFileType = sourcecode.swift; path = ProfileController.swift; sourceTree = "<group>"; };
		709F9FF62424FFE400F46C12 /* MainTabBarController.swift */ = {isa = PBXFileReference; fileEncoding = 4; lastKnownFileType = sourcecode.swift; path = MainTabBarController.swift; sourceTree = "<group>"; };
		709F9FF72424FFE400F46C12 /* SignUpController.swift */ = {isa = PBXFileReference; fileEncoding = 4; lastKnownFileType = sourcecode.swift; path = SignUpController.swift; sourceTree = "<group>"; };
		709F9FF82424FFE400F46C12 /* LoginController.swift */ = {isa = PBXFileReference; fileEncoding = 4; lastKnownFileType = sourcecode.swift; path = LoginController.swift; sourceTree = "<group>"; };
		709F9FF92424FFE400F46C12 /* SideMenuViewController.swift */ = {isa = PBXFileReference; fileEncoding = 4; lastKnownFileType = sourcecode.swift; path = SideMenuViewController.swift; sourceTree = "<group>"; };
		709F9FFA2424FFE500F46C12 /* PostTestController.swift */ = {isa = PBXFileReference; fileEncoding = 4; lastKnownFileType = sourcecode.swift; path = PostTestController.swift; sourceTree = "<group>"; };
		70D1B348242C6184001EFD64 /* IMessageInputBar.swift */ = {isa = PBXFileReference; lastKnownFileType = sourcecode.swift; path = IMessageInputBar.swift; sourceTree = "<group>"; };
		70D1B34C242C6CD3001EFD64 /* MessageService.swift */ = {isa = PBXFileReference; lastKnownFileType = sourcecode.swift; path = MessageService.swift; sourceTree = "<group>"; };
		70D1B34E242C6F0C001EFD64 /* Message.swift */ = {isa = PBXFileReference; lastKnownFileType = sourcecode.swift; path = Message.swift; sourceTree = "<group>"; };
		70D6D624241B3A8A0092BD99 /* love of midterm.app */ = {isa = PBXFileReference; explicitFileType = wrapper.application; includeInIndex = 0; path = "love of midterm.app"; sourceTree = BUILT_PRODUCTS_DIR; };
		70D6D627241B3A8A0092BD99 /* AppDelegate.swift */ = {isa = PBXFileReference; lastKnownFileType = sourcecode.swift; path = AppDelegate.swift; sourceTree = "<group>"; };
		70D6D629241B3A8A0092BD99 /* SceneDelegate.swift */ = {isa = PBXFileReference; lastKnownFileType = sourcecode.swift; path = SceneDelegate.swift; sourceTree = "<group>"; };
		70D6D62B241B3A8A0092BD99 /* ViewController.swift */ = {isa = PBXFileReference; lastKnownFileType = sourcecode.swift; path = ViewController.swift; sourceTree = "<group>"; };
		70D6D62E241B3A8A0092BD99 /* Base */ = {isa = PBXFileReference; lastKnownFileType = file.storyboard; name = Base; path = Base.lproj/Main.storyboard; sourceTree = "<group>"; };
		70D6D630241B3A8E0092BD99 /* Assets.xcassets */ = {isa = PBXFileReference; lastKnownFileType = folder.assetcatalog; path = Assets.xcassets; sourceTree = "<group>"; };
		70D6D633241B3A8E0092BD99 /* Base */ = {isa = PBXFileReference; lastKnownFileType = file.storyboard; name = Base; path = Base.lproj/LaunchScreen.storyboard; sourceTree = "<group>"; };
		70D6D635241B3A8E0092BD99 /* Info.plist */ = {isa = PBXFileReference; lastKnownFileType = text.plist.xml; path = Info.plist; sourceTree = "<group>"; };
		70D6D649241B440C0092BD99 /* extensions.swift */ = {isa = PBXFileReference; lastKnownFileType = sourcecode.swift; path = extensions.swift; sourceTree = "<group>"; };
		70D6D64C241B47060092BD99 /* BMJUA_otf.otf */ = {isa = PBXFileReference; lastKnownFileType = file; path = BMJUA_otf.otf; sourceTree = "<group>"; };
		70DB0B5D24221DDC004AF0C5 /* Test.swift */ = {isa = PBXFileReference; lastKnownFileType = sourcecode.swift; path = Test.swift; sourceTree = "<group>"; };
		70DB0B5F24221F57004AF0C5 /* TestService.swift */ = {isa = PBXFileReference; lastKnownFileType = sourcecode.swift; path = TestService.swift; sourceTree = "<group>"; };
		70E51DA8241BAA6F00631E25 /* UserService.swift */ = {isa = PBXFileReference; lastKnownFileType = sourcecode.swift; path = UserService.swift; sourceTree = "<group>"; };
		70E51DAA241BAB1900631E25 /* GoogleService-Info.plist */ = {isa = PBXFileReference; fileEncoding = 4; lastKnownFileType = text.plist.xml; path = "GoogleService-Info.plist"; sourceTree = "<group>"; };
		70E51DAD241BAFF700631E25 /* Errors.swift */ = {isa = PBXFileReference; lastKnownFileType = sourcecode.swift; path = Errors.swift; sourceTree = "<group>"; };
		9775EB0CEA3BADABDBBDC611 /* Pods-love of midterm.release.xcconfig */ = {isa = PBXFileReference; includeInIndex = 1; lastKnownFileType = text.xcconfig; name = "Pods-love of midterm.release.xcconfig"; path = "Target Support Files/Pods-love of midterm/Pods-love of midterm.release.xcconfig"; sourceTree = "<group>"; };
		B2F83DE04E6BD6F7E2C66481 /* Pods-love of midterm.debug.xcconfig */ = {isa = PBXFileReference; includeInIndex = 1; lastKnownFileType = text.xcconfig; name = "Pods-love of midterm.debug.xcconfig"; path = "Target Support Files/Pods-love of midterm/Pods-love of midterm.debug.xcconfig"; sourceTree = "<group>"; };
		DAC85BE4CC903DD575CDB444 /* Pods_love_of_midterm.framework */ = {isa = PBXFileReference; explicitFileType = wrapper.framework; includeInIndex = 0; path = Pods_love_of_midterm.framework; sourceTree = BUILT_PRODUCTS_DIR; };
/* End PBXFileReference section */

/* Begin PBXFrameworksBuildPhase section */
		70D6D621241B3A8A0092BD99 /* Frameworks */ = {
			isa = PBXFrameworksBuildPhase;
			buildActionMask = 2147483647;
			files = (
				34AD12C414FE01D34B7C27EF /* Pods_love_of_midterm.framework in Frameworks */,
			);
			runOnlyForDeploymentPostprocessing = 0;
		};
/* End PBXFrameworksBuildPhase section */

/* Begin PBXGroup section */
		45AB087BE25B1DCF5CF00BCC /* Frameworks */ = {
			isa = PBXGroup;
			children = (
				DAC85BE4CC903DD575CDB444 /* Pods_love_of_midterm.framework */,
			);
			name = Frameworks;
			sourceTree = "<group>";
		};
		70510209241EA32D00C2ADFF /* secrets */ = {
			isa = PBXGroup;
			children = (
				7051020A241EA34800C2ADFF /* Secrets.swift */,
			);
			path = secrets;
			sourceTree = "<group>";
		};
		7086B81D241BED1800E81084 /* Model */ = {
			isa = PBXGroup;
			children = (
				7086B81E241BED2400E81084 /* User.swift */,
				7086B82F241C33A100E81084 /* BackgroundImage.swift */,
				706B59B6241E600B00117106 /* Address.swift */,
				70DB0B5D24221DDC004AF0C5 /* Test.swift */,
				70790FCF24282EEB00B08D40 /* Try.swift */,
				700EC93624284F77008BBC73 /* Request.swift */,
				70202E93242AF174009A6E9A /* Chat.swift */,
				70D1B34E242C6F0C001EFD64 /* Message.swift */,
			);
			path = Model;
			sourceTree = "<group>";
		};
		7086B820241C0B9300E81084 /* Views */ = {
			isa = PBXGroup;
			children = (
				70510207241E980B00C2ADFF /* AddressCell.swift */,
				70733FD02424083C006A545F /* UserCell.swift */,
				709F9FE42424F8B200F46C12 /* UserBackgroundImageCell.swift */,
				70109D122428DCD80020C144 /* RequestCell.swift */,
				705395552429872D00126726 /* DenyRequestCell.swift */,
				70202E95242AFEA7009A6E9A /* ChatCell.swift */,
				70D1B348242C6184001EFD64 /* IMessageInputBar.swift */,
				7024666A242DE9C400A9F641 /* MyMessageCell.swift */,
				7024666C242DEA2100A9F641 /* OthersMessageCell.swift */,
			);
			path = Views;
			sourceTree = "<group>";
		};
		70D6D61B241B3A8A0092BD99 = {
			isa = PBXGroup;
			children = (
				70D6D626241B3A8A0092BD99 /* love of midterm */,
				70D6D625241B3A8A0092BD99 /* Products */,
				77ECE3A3A2B2D4C4826296D0 /* Pods */,
				45AB087BE25B1DCF5CF00BCC /* Frameworks */,
			);
			sourceTree = "<group>";
		};
		70D6D625241B3A8A0092BD99 /* Products */ = {
			isa = PBXGroup;
			children = (
				70D6D624241B3A8A0092BD99 /* love of midterm.app */,
			);
			name = Products;
			sourceTree = "<group>";
		};
		70D6D626241B3A8A0092BD99 /* love of midterm */ = {
			isa = PBXGroup;
			children = (
				70510209241EA32D00C2ADFF /* secrets */,
				7086B820241C0B9300E81084 /* Views */,
				70E51DAC241BAFEC00631E25 /* errors */,
				7086B81D241BED1800E81084 /* Model */,
				70E51DA7241BAA5C00631E25 /* services */,
				70D6D64B241B46F50092BD99 /* fonts */,
				70D6D648241B43FF0092BD99 /* utils */,
				70D6D63B241B3ADD0092BD99 /* controllers */,
				70D6D627241B3A8A0092BD99 /* AppDelegate.swift */,
				70D6D629241B3A8A0092BD99 /* SceneDelegate.swift */,
				70D6D62B241B3A8A0092BD99 /* ViewController.swift */,
				70D6D62D241B3A8A0092BD99 /* Main.storyboard */,
				70D6D630241B3A8E0092BD99 /* Assets.xcassets */,
				70D6D632241B3A8E0092BD99 /* LaunchScreen.storyboard */,
				70D6D635241B3A8E0092BD99 /* Info.plist */,
				70E51DAA241BAB1900631E25 /* GoogleService-Info.plist */,
			);
			path = "love of midterm";
			sourceTree = "<group>";
		};
		70D6D63B241B3ADD0092BD99 /* controllers */ = {
			isa = PBXGroup;
			children = (
				709F9FF02424FFE200F46C12 /* BackgroundViewController.swift */,
				709F9FEE2424FFE100F46C12 /* ImagePickerController.swift */,
				709F9FF82424FFE400F46C12 /* LoginController.swift */,
				709F9FF62424FFE400F46C12 /* MainTabBarController.swift */,
				709F9FF22424FFE300F46C12 /* MessageController.swift */,
				709F9FF42424FFE300F46C12 /* MoreUserImageController.swift */,
				709F9FEC2424FFE100F46C12 /* OneUserBackgroundImageController.swift */,
				709F9FEF2424FFE100F46C12 /* PostBioController.swift */,
				709F9FFA2424FFE500F46C12 /* PostTestController.swift */,
				709F9FF52424FFE300F46C12 /* ProfileController.swift */,
				709F9FED2424FFE100F46C12 /* ProfileControllerTypeTwo.swift */,
				709F9FF12424FFE200F46C12 /* SearchAddressController.swift */,
				709F9FF32424FFE300F46C12 /* SearchController.swift */,
				709F9FF92424FFE400F46C12 /* SideMenuViewController.swift */,
				709F9FF72424FFE400F46C12 /* SignUpController.swift */,
				703851DA24252E11005ABE28 /* TestController.swift */,
				70790FC92428245900B08D40 /* ResultController.swift */,
				70790FCB2428283300B08D40 /* ResultControllerTypeTwo.swift */,
				700EC938242850E0008BBC73 /* NotificationController.swift */,
				70109D142428E77F0020C144 /* ChoiceController.swift */,
				70202E8F242AEFB3009A6E9A /* ChatController.swift */,
				702B12712434E2E1008CE5B3 /* LogoSample.swift */,
			);
			path = controllers;
			sourceTree = "<group>";
		};
		70D6D648241B43FF0092BD99 /* utils */ = {
			isa = PBXGroup;
			children = (
				70D6D649241B440C0092BD99 /* extensions.swift */,
				7086B81B241BE7BD00E81084 /* RootViewController.swift */,
				7013F3BF2431DE3300240655 /* EstimatedFrame.swift */,
			);
			path = utils;
			sourceTree = "<group>";
		};
		70D6D64B241B46F50092BD99 /* fonts */ = {
			isa = PBXGroup;
			children = (
				70D6D64C241B47060092BD99 /* BMJUA_otf.otf */,
			);
			path = fonts;
			sourceTree = "<group>";
		};
		70E51DA7241BAA5C00631E25 /* services */ = {
			isa = PBXGroup;
			children = (
				70E51DA8241BAA6F00631E25 /* UserService.swift */,
				7086B82D241C290000E81084 /* BackgroundImageService.swift */,
				701930B0241FCD04005EDD4E /* AddressService.swift */,
				70DB0B5F24221F57004AF0C5 /* TestService.swift */,
				70790FCD24282CA600B08D40 /* TryService.swift */,
				700EC93424284BFA008BBC73 /* RequestService.swift */,
				70202E91242AF052009A6E9A /* ChatService.swift */,
				70D1B34C242C6CD3001EFD64 /* MessageService.swift */,
			);
			path = services;
			sourceTree = "<group>";
		};
		70E51DAC241BAFEC00631E25 /* errors */ = {
			isa = PBXGroup;
			children = (
				70E51DAD241BAFF700631E25 /* Errors.swift */,
			);
			path = errors;
			sourceTree = "<group>";
		};
		77ECE3A3A2B2D4C4826296D0 /* Pods */ = {
			isa = PBXGroup;
			children = (
				B2F83DE04E6BD6F7E2C66481 /* Pods-love of midterm.debug.xcconfig */,
				9775EB0CEA3BADABDBBDC611 /* Pods-love of midterm.release.xcconfig */,
			);
			path = Pods;
			sourceTree = "<group>";
		};
/* End PBXGroup section */

/* Begin PBXNativeTarget section */
		70D6D623241B3A8A0092BD99 /* love of midterm */ = {
			isa = PBXNativeTarget;
			buildConfigurationList = 70D6D638241B3A8E0092BD99 /* Build configuration list for PBXNativeTarget "love of midterm" */;
			buildPhases = (
				B71EC456D2CF4A5CC5EB4245 /* [CP] Check Pods Manifest.lock */,
				70D6D620241B3A8A0092BD99 /* Sources */,
				70D6D621241B3A8A0092BD99 /* Frameworks */,
				70D6D622241B3A8A0092BD99 /* Resources */,
				B02D16C31D2C745B65FA1BCA /* [CP] Embed Pods Frameworks */,
				B6FCC66EAB96D65B8360D169 /* [CP] Copy Pods Resources */,
			);
			buildRules = (
			);
			dependencies = (
			);
			name = "love of midterm";
			productName = "love of midterm";
			productReference = 70D6D624241B3A8A0092BD99 /* love of midterm.app */;
			productType = "com.apple.product-type.application";
		};
/* End PBXNativeTarget section */

/* Begin PBXProject section */
		70D6D61C241B3A8A0092BD99 /* Project object */ = {
			isa = PBXProject;
			attributes = {
				LastSwiftUpdateCheck = 1130;
				LastUpgradeCheck = 1130;
				ORGANIZATIONNAME = "Mac circle";
				TargetAttributes = {
					70D6D623241B3A8A0092BD99 = {
						CreatedOnToolsVersion = 11.3.1;
					};
				};
			};
			buildConfigurationList = 70D6D61F241B3A8A0092BD99 /* Build configuration list for PBXProject "love of midterm" */;
			compatibilityVersion = "Xcode 9.3";
			developmentRegion = en;
			hasScannedForEncodings = 0;
			knownRegions = (
				en,
				Base,
			);
			mainGroup = 70D6D61B241B3A8A0092BD99;
			productRefGroup = 70D6D625241B3A8A0092BD99 /* Products */;
			projectDirPath = "";
			projectRoot = "";
			targets = (
				70D6D623241B3A8A0092BD99 /* love of midterm */,
			);
		};
/* End PBXProject section */

/* Begin PBXResourcesBuildPhase section */
		70D6D622241B3A8A0092BD99 /* Resources */ = {
			isa = PBXResourcesBuildPhase;
			buildActionMask = 2147483647;
			files = (
				70D6D634241B3A8E0092BD99 /* LaunchScreen.storyboard in Resources */,
				70D6D631241B3A8E0092BD99 /* Assets.xcassets in Resources */,
				70D6D62F241B3A8A0092BD99 /* Main.storyboard in Resources */,
				70E51DAB241BAB1A00631E25 /* GoogleService-Info.plist in Resources */,
				70D6D64D241B47060092BD99 /* BMJUA_otf.otf in Resources */,
			);
			runOnlyForDeploymentPostprocessing = 0;
		};
/* End PBXResourcesBuildPhase section */

/* Begin PBXShellScriptBuildPhase section */
		B02D16C31D2C745B65FA1BCA /* [CP] Embed Pods Frameworks */ = {
			isa = PBXShellScriptBuildPhase;
			buildActionMask = 2147483647;
			files = (
			);
			inputFileListPaths = (
				"${PODS_ROOT}/Target Support Files/Pods-love of midterm/Pods-love of midterm-frameworks-${CONFIGURATION}-input-files.xcfilelist",
			);
			name = "[CP] Embed Pods Frameworks";
			outputFileListPaths = (
				"${PODS_ROOT}/Target Support Files/Pods-love of midterm/Pods-love of midterm-frameworks-${CONFIGURATION}-output-files.xcfilelist",
			);
			runOnlyForDeploymentPostprocessing = 0;
			shellPath = /bin/sh;
			shellScript = "\"${PODS_ROOT}/Target Support Files/Pods-love of midterm/Pods-love of midterm-frameworks.sh\"\n";
			showEnvVarsInLog = 0;
		};
		B6FCC66EAB96D65B8360D169 /* [CP] Copy Pods Resources */ = {
			isa = PBXShellScriptBuildPhase;
			buildActionMask = 2147483647;
			files = (
			);
			inputFileListPaths = (
				"${PODS_ROOT}/Target Support Files/Pods-love of midterm/Pods-love of midterm-resources-${CONFIGURATION}-input-files.xcfilelist",
			);
			name = "[CP] Copy Pods Resources";
			outputFileListPaths = (
				"${PODS_ROOT}/Target Support Files/Pods-love of midterm/Pods-love of midterm-resources-${CONFIGURATION}-output-files.xcfilelist",
			);
			runOnlyForDeploymentPostprocessing = 0;
			shellPath = /bin/sh;
			shellScript = "\"${PODS_ROOT}/Target Support Files/Pods-love of midterm/Pods-love of midterm-resources.sh\"\n";
			showEnvVarsInLog = 0;
		};
		B71EC456D2CF4A5CC5EB4245 /* [CP] Check Pods Manifest.lock */ = {
			isa = PBXShellScriptBuildPhase;
			buildActionMask = 2147483647;
			files = (
			);
			inputFileListPaths = (
			);
			inputPaths = (
				"${PODS_PODFILE_DIR_PATH}/Podfile.lock",
				"${PODS_ROOT}/Manifest.lock",
			);
			name = "[CP] Check Pods Manifest.lock";
			outputFileListPaths = (
			);
			outputPaths = (
				"$(DERIVED_FILE_DIR)/Pods-love of midterm-checkManifestLockResult.txt",
			);
			runOnlyForDeploymentPostprocessing = 0;
			shellPath = /bin/sh;
			shellScript = "diff \"${PODS_PODFILE_DIR_PATH}/Podfile.lock\" \"${PODS_ROOT}/Manifest.lock\" > /dev/null\nif [ $? != 0 ] ; then\n    # print error to STDERR\n    echo \"error: The sandbox is not in sync with the Podfile.lock. Run 'pod install' or update your CocoaPods installation.\" >&2\n    exit 1\nfi\n# This output is used by Xcode 'outputs' to avoid re-running this script phase.\necho \"SUCCESS\" > \"${SCRIPT_OUTPUT_FILE_0}\"\n";
			showEnvVarsInLog = 0;
		};
/* End PBXShellScriptBuildPhase section */

/* Begin PBXSourcesBuildPhase section */
		70D6D620241B3A8A0092BD99 /* Sources */ = {
			isa = PBXSourcesBuildPhase;
			buildActionMask = 2147483647;
			files = (
				709FA0072424FFE500F46C12 /* LoginController.swift in Sources */,
				70109D132428DCD80020C144 /* RequestCell.swift in Sources */,
				709FA0052424FFE500F46C12 /* MainTabBarController.swift in Sources */,
				70D1B34F242C6F0C001EFD64 /* Message.swift in Sources */,
				70790FCE24282CA600B08D40 /* TryService.swift in Sources */,
				709FA0002424FFE500F46C12 /* SearchAddressController.swift in Sources */,
				705395562429872D00126726 /* DenyRequestCell.swift in Sources */,
				70790FCC2428283300B08D40 /* ResultControllerTypeTwo.swift in Sources */,
				70DB0B6024221F57004AF0C5 /* TestService.swift in Sources */,
				70202E90242AEFB3009A6E9A /* ChatController.swift in Sources */,
				706B59B7241E600B00117106 /* Address.swift in Sources */,
				709FA0022424FFE500F46C12 /* SearchController.swift in Sources */,
				7024666D242DEA2100A9F641 /* OthersMessageCell.swift in Sources */,
				709FA0062424FFE500F46C12 /* SignUpController.swift in Sources */,
				7024666B242DE9C400A9F641 /* MyMessageCell.swift in Sources */,
				70510208241E980B00C2ADFF /* AddressCell.swift in Sources */,
				700EC93524284BFA008BBC73 /* RequestService.swift in Sources */,
				70D6D62C241B3A8A0092BD99 /* ViewController.swift in Sources */,
				70790FD024282EEB00B08D40 /* Try.swift in Sources */,
				701930B1241FCD04005EDD4E /* AddressService.swift in Sources */,
				709FA0042424FFE500F46C12 /* ProfileController.swift in Sources */,
				70D6D64A241B440C0092BD99 /* extensions.swift in Sources */,
				7013F3C02431DE3300240655 /* EstimatedFrame.swift in Sources */,
				70790FCA2428245900B08D40 /* ResultController.swift in Sources */,
				700EC93724284F77008BBC73 /* Request.swift in Sources */,
				70E51DAE241BAFF700631E25 /* Errors.swift in Sources */,
				709F9FFF2424FFE500F46C12 /* BackgroundViewController.swift in Sources */,
				70733FD12424083C006A545F /* UserCell.swift in Sources */,
				7086B81F241BED2400E81084 /* User.swift in Sources */,
				709FA0082424FFE500F46C12 /* SideMenuViewController.swift in Sources */,
				70D6D628241B3A8A0092BD99 /* AppDelegate.swift in Sources */,
				70E51DA9241BAA6F00631E25 /* UserService.swift in Sources */,
				7086B82E241C290000E81084 /* BackgroundImageService.swift in Sources */,
				70DB0B5E24221DDC004AF0C5 /* Test.swift in Sources */,
				70202E94242AF174009A6E9A /* Chat.swift in Sources */,
				709F9FE52424F8B200F46C12 /* UserBackgroundImageCell.swift in Sources */,
				700EC939242850E0008BBC73 /* NotificationController.swift in Sources */,
				7051020B241EA34800C2ADFF /* Secrets.swift in Sources */,
				709FA0012424FFE500F46C12 /* MessageController.swift in Sources */,
				7086B830241C33A100E81084 /* BackgroundImage.swift in Sources */,
				702B12722434E2E1008CE5B3 /* LogoSample.swift in Sources */,
				709FA0092424FFE500F46C12 /* PostTestController.swift in Sources */,
				709F9FFB2424FFE500F46C12 /* OneUserBackgroundImageController.swift in Sources */,
				7086B81C241BE7BD00E81084 /* RootViewController.swift in Sources */,
				709F9FFC2424FFE500F46C12 /* ProfileControllerTypeTwo.swift in Sources */,
				70202E92242AF052009A6E9A /* ChatService.swift in Sources */,
				70202E96242AFEA7009A6E9A /* ChatCell.swift in Sources */,
				703851DB24252E11005ABE28 /* TestController.swift in Sources */,
				70D1B349242C6184001EFD64 /* IMessageInputBar.swift in Sources */,
				709F9FFD2424FFE500F46C12 /* ImagePickerController.swift in Sources */,
				70D1B34D242C6CD3001EFD64 /* MessageService.swift in Sources */,
				709F9FFE2424FFE500F46C12 /* PostBioController.swift in Sources */,
				70109D152428E77F0020C144 /* ChoiceController.swift in Sources */,
				709FA0032424FFE500F46C12 /* MoreUserImageController.swift in Sources */,
				70D6D62A241B3A8A0092BD99 /* SceneDelegate.swift in Sources */,
			);
			runOnlyForDeploymentPostprocessing = 0;
		};
/* End PBXSourcesBuildPhase section */

/* Begin PBXVariantGroup section */
		70D6D62D241B3A8A0092BD99 /* Main.storyboard */ = {
			isa = PBXVariantGroup;
			children = (
				70D6D62E241B3A8A0092BD99 /* Base */,
			);
			name = Main.storyboard;
			sourceTree = "<group>";
		};
		70D6D632241B3A8E0092BD99 /* LaunchScreen.storyboard */ = {
			isa = PBXVariantGroup;
			children = (
				70D6D633241B3A8E0092BD99 /* Base */,
			);
			name = LaunchScreen.storyboard;
			sourceTree = "<group>";
		};
/* End PBXVariantGroup section */

/* Begin XCBuildConfiguration section */
		70D6D636241B3A8E0092BD99 /* Debug */ = {
			isa = XCBuildConfiguration;
			buildSettings = {
				ALWAYS_SEARCH_USER_PATHS = NO;
				CLANG_ANALYZER_NONNULL = YES;
				CLANG_ANALYZER_NUMBER_OBJECT_CONVERSION = YES_AGGRESSIVE;
				CLANG_CXX_LANGUAGE_STANDARD = "gnu++14";
				CLANG_CXX_LIBRARY = "libc++";
				CLANG_ENABLE_MODULES = YES;
				CLANG_ENABLE_OBJC_ARC = YES;
				CLANG_ENABLE_OBJC_WEAK = YES;
				CLANG_WARN_BLOCK_CAPTURE_AUTORELEASING = YES;
				CLANG_WARN_BOOL_CONVERSION = YES;
				CLANG_WARN_COMMA = YES;
				CLANG_WARN_CONSTANT_CONVERSION = YES;
				CLANG_WARN_DEPRECATED_OBJC_IMPLEMENTATIONS = YES;
				CLANG_WARN_DIRECT_OBJC_ISA_USAGE = YES_ERROR;
				CLANG_WARN_DOCUMENTATION_COMMENTS = YES;
				CLANG_WARN_EMPTY_BODY = YES;
				CLANG_WARN_ENUM_CONVERSION = YES;
				CLANG_WARN_INFINITE_RECURSION = YES;
				CLANG_WARN_INT_CONVERSION = YES;
				CLANG_WARN_NON_LITERAL_NULL_CONVERSION = YES;
				CLANG_WARN_OBJC_IMPLICIT_RETAIN_SELF = YES;
				CLANG_WARN_OBJC_LITERAL_CONVERSION = YES;
				CLANG_WARN_OBJC_ROOT_CLASS = YES_ERROR;
				CLANG_WARN_RANGE_LOOP_ANALYSIS = YES;
				CLANG_WARN_STRICT_PROTOTYPES = YES;
				CLANG_WARN_SUSPICIOUS_MOVE = YES;
				CLANG_WARN_UNGUARDED_AVAILABILITY = YES_AGGRESSIVE;
				CLANG_WARN_UNREACHABLE_CODE = YES;
				CLANG_WARN__DUPLICATE_METHOD_MATCH = YES;
				COPY_PHASE_STRIP = NO;
				DEBUG_INFORMATION_FORMAT = dwarf;
				ENABLE_STRICT_OBJC_MSGSEND = YES;
				ENABLE_TESTABILITY = YES;
				GCC_C_LANGUAGE_STANDARD = gnu11;
				GCC_DYNAMIC_NO_PIC = NO;
				GCC_NO_COMMON_BLOCKS = YES;
				GCC_OPTIMIZATION_LEVEL = 0;
				GCC_PREPROCESSOR_DEFINITIONS = (
					"DEBUG=1",
					"$(inherited)",
				);
				GCC_WARN_64_TO_32_BIT_CONVERSION = YES;
				GCC_WARN_ABOUT_RETURN_TYPE = YES_ERROR;
				GCC_WARN_UNDECLARED_SELECTOR = YES;
				GCC_WARN_UNINITIALIZED_AUTOS = YES_AGGRESSIVE;
				GCC_WARN_UNUSED_FUNCTION = YES;
				GCC_WARN_UNUSED_VARIABLE = YES;
				IPHONEOS_DEPLOYMENT_TARGET = 13.2;
				MTL_ENABLE_DEBUG_INFO = INCLUDE_SOURCE;
				MTL_FAST_MATH = YES;
				ONLY_ACTIVE_ARCH = YES;
				SDKROOT = iphoneos;
				SWIFT_ACTIVE_COMPILATION_CONDITIONS = DEBUG;
				SWIFT_OPTIMIZATION_LEVEL = "-Onone";
			};
			name = Debug;
		};
		70D6D637241B3A8E0092BD99 /* Release */ = {
			isa = XCBuildConfiguration;
			buildSettings = {
				ALWAYS_SEARCH_USER_PATHS = NO;
				CLANG_ANALYZER_NONNULL = YES;
				CLANG_ANALYZER_NUMBER_OBJECT_CONVERSION = YES_AGGRESSIVE;
				CLANG_CXX_LANGUAGE_STANDARD = "gnu++14";
				CLANG_CXX_LIBRARY = "libc++";
				CLANG_ENABLE_MODULES = YES;
				CLANG_ENABLE_OBJC_ARC = YES;
				CLANG_ENABLE_OBJC_WEAK = YES;
				CLANG_WARN_BLOCK_CAPTURE_AUTORELEASING = YES;
				CLANG_WARN_BOOL_CONVERSION = YES;
				CLANG_WARN_COMMA = YES;
				CLANG_WARN_CONSTANT_CONVERSION = YES;
				CLANG_WARN_DEPRECATED_OBJC_IMPLEMENTATIONS = YES;
				CLANG_WARN_DIRECT_OBJC_ISA_USAGE = YES_ERROR;
				CLANG_WARN_DOCUMENTATION_COMMENTS = YES;
				CLANG_WARN_EMPTY_BODY = YES;
				CLANG_WARN_ENUM_CONVERSION = YES;
				CLANG_WARN_INFINITE_RECURSION = YES;
				CLANG_WARN_INT_CONVERSION = YES;
				CLANG_WARN_NON_LITERAL_NULL_CONVERSION = YES;
				CLANG_WARN_OBJC_IMPLICIT_RETAIN_SELF = YES;
				CLANG_WARN_OBJC_LITERAL_CONVERSION = YES;
				CLANG_WARN_OBJC_ROOT_CLASS = YES_ERROR;
				CLANG_WARN_RANGE_LOOP_ANALYSIS = YES;
				CLANG_WARN_STRICT_PROTOTYPES = YES;
				CLANG_WARN_SUSPICIOUS_MOVE = YES;
				CLANG_WARN_UNGUARDED_AVAILABILITY = YES_AGGRESSIVE;
				CLANG_WARN_UNREACHABLE_CODE = YES;
				CLANG_WARN__DUPLICATE_METHOD_MATCH = YES;
				COPY_PHASE_STRIP = NO;
				DEBUG_INFORMATION_FORMAT = "dwarf-with-dsym";
				ENABLE_NS_ASSERTIONS = NO;
				ENABLE_STRICT_OBJC_MSGSEND = YES;
				GCC_C_LANGUAGE_STANDARD = gnu11;
				GCC_NO_COMMON_BLOCKS = YES;
				GCC_WARN_64_TO_32_BIT_CONVERSION = YES;
				GCC_WARN_ABOUT_RETURN_TYPE = YES_ERROR;
				GCC_WARN_UNDECLARED_SELECTOR = YES;
				GCC_WARN_UNINITIALIZED_AUTOS = YES_AGGRESSIVE;
				GCC_WARN_UNUSED_FUNCTION = YES;
				GCC_WARN_UNUSED_VARIABLE = YES;
				IPHONEOS_DEPLOYMENT_TARGET = 13.2;
				MTL_ENABLE_DEBUG_INFO = NO;
				MTL_FAST_MATH = YES;
				SDKROOT = iphoneos;
				SWIFT_COMPILATION_MODE = wholemodule;
				SWIFT_OPTIMIZATION_LEVEL = "-O";
				VALIDATE_PRODUCT = YES;
			};
			name = Release;
		};
		70D6D639241B3A8E0092BD99 /* Debug */ = {
			isa = XCBuildConfiguration;
			baseConfigurationReference = B2F83DE04E6BD6F7E2C66481 /* Pods-love of midterm.debug.xcconfig */;
			buildSettings = {
				ASSETCATALOG_COMPILER_APPICON_NAME = AppIcon;
				CODE_SIGN_STYLE = Automatic;
				DEVELOPMENT_TEAM = YV58Q28W8Z;
				INFOPLIST_FILE = "love of midterm/Info.plist";
				LD_RUNPATH_SEARCH_PATHS = (
					"$(inherited)",
					"@executable_path/Frameworks",
				);
				PRODUCT_BUNDLE_IDENTIFIER = "com.maccircle.love-of-midterm";
				PRODUCT_NAME = "$(TARGET_NAME)";
				SWIFT_VERSION = 5.0;
				TARGETED_DEVICE_FAMILY = "1,2";
			};
			name = Debug;
		};
		70D6D63A241B3A8E0092BD99 /* Release */ = {
			isa = XCBuildConfiguration;
			baseConfigurationReference = 9775EB0CEA3BADABDBBDC611 /* Pods-love of midterm.release.xcconfig */;
			buildSettings = {
				ASSETCATALOG_COMPILER_APPICON_NAME = AppIcon;
				CODE_SIGN_STYLE = Automatic;
				DEVELOPMENT_TEAM = YV58Q28W8Z;
				INFOPLIST_FILE = "love of midterm/Info.plist";
				LD_RUNPATH_SEARCH_PATHS = (
					"$(inherited)",
					"@executable_path/Frameworks",
				);
				PRODUCT_BUNDLE_IDENTIFIER = "com.maccircle.love-of-midterm";
				PRODUCT_NAME = "$(TARGET_NAME)";
				SWIFT_VERSION = 5.0;
				TARGETED_DEVICE_FAMILY = "1,2";
			};
			name = Release;
		};
/* End XCBuildConfiguration section */

/* Begin XCConfigurationList section */
		70D6D61F241B3A8A0092BD99 /* Build configuration list for PBXProject "love of midterm" */ = {
			isa = XCConfigurationList;
			buildConfigurations = (
				70D6D636241B3A8E0092BD99 /* Debug */,
				70D6D637241B3A8E0092BD99 /* Release */,
			);
			defaultConfigurationIsVisible = 0;
			defaultConfigurationName = Release;
		};
		70D6D638241B3A8E0092BD99 /* Build configuration list for PBXNativeTarget "love of midterm" */ = {
			isa = XCConfigurationList;
			buildConfigurations = (
				70D6D639241B3A8E0092BD99 /* Debug */,
				70D6D63A241B3A8E0092BD99 /* Release */,
			);
			defaultConfigurationIsVisible = 0;
			defaultConfigurationName = Release;
		};
/* End XCConfigurationList section */
	};
	rootObject = 70D6D61C241B3A8A0092BD99 /* Project object */;
}
